
Microsoft Visual Studio Solution File, Format Version 12.00
# Visual Studio Version 17
VisualStudioVersion = 17.14.36603.0 d17.14
MinimumVisualStudioVersion = 10.0.40219.1
Project("{FAE04EC0-301F-11D3-BF4B-00C04F79EFBC}") = "Pet Care Assistant", "Pet Care Assistant\Pet Care Assistant.csproj", "{6279537A-2332-4797-A408-9298478B0B51}"
EndProject
Global
	GlobalSection(SolutionConfigurationPlatforms) = preSolution
		Debug|Any CPU = Debug|Any CPU
		Release|Any CPU = Release|Any CPU
	EndGlobalSection
	GlobalSection(ProjectConfigurationPlatforms) = postSolution
		{6279537A-2332-4797-A408-9298478B0B51}.Debug|Any CPU.ActiveCfg = Debug|Any CPU
		{6279537A-2332-4797-A408-9298478B0B51}.Debug|Any CPU.Build.0 = Debug|Any CPU
		{6279537A-2332-4797-A408-9298478B0B51}.Release|Any CPU.ActiveCfg = Release|Any CPU
		{6279537A-2332-4797-A408-9298478B0B51}.Release|Any CPU.Build.0 = Release|Any CPU
	EndGlobalSection
	GlobalSection(SolutionProperties) = preSolution
		HideSolutionNode = FALSE
	EndGlobalSection
	GlobalSection(ExtensibilityGlobals) = postSolution
		SolutionGuid = {21071A7B-8932-4E43-A16E-445804A729CA}
	EndGlobalSection
EndGlobal
